
Microsoft Visual Studio Solution File, Format Version 12.00
# Visual Studio 2015
Project("{FAE04EC0-301F-11D3-BF4B-00C04F79EFBC}") = "Ripe Of Passage.CSharp.Plugins", "Ripe Of Passage.CSharp.Plugins.csproj", "{C32E676D-53C4-76FC-D2B2-FC288D0B2F70}"
EndProject
Project("{FAE04EC0-301F-11D3-BF4B-00C04F79EFBC}") = "Ripe Of Passage.CSharp", "Ripe Of Passage.CSharp.csproj", "{ED3280E9-7F3E-B677-2B09-BC1B8B4B19DD}"
EndProject
Project("{FAE04EC0-301F-11D3-BF4B-00C04F79EFBC}") = "Ripe Of Passage.CSharp.Editor", "Ripe Of Passage.CSharp.Editor.csproj", "{1F1478F0-6675-8356-05B8-ACE9DC431F4C}"
EndProject
Global
	GlobalSection(SolutionConfigurationPlatforms) = preSolution
		Debug|Any CPU = Debug|Any CPU
		Release|Any CPU = Release|Any CPU
	EndGlobalSection
	GlobalSection(ProjectConfigurationPlatforms) = postSolution
		{C32E676D-53C4-76FC-D2B2-FC288D0B2F70}.Debug|Any CPU.ActiveCfg = Debug|Any CPU
		{C32E676D-53C4-76FC-D2B2-FC288D0B2F70}.Debug|Any CPU.Build.0 = Debug|Any CPU
		{C32E676D-53C4-76FC-D2B2-FC288D0B2F70}.Release|Any CPU.ActiveCfg = Release|Any CPU
		{C32E676D-53C4-76FC-D2B2-FC288D0B2F70}.Release|Any CPU.Build.0 = Release|Any CPU
		{ED3280E9-7F3E-B677-2B09-BC1B8B4B19DD}.Debug|Any CPU.ActiveCfg = Debug|Any CPU
		{ED3280E9-7F3E-B677-2B09-BC1B8B4B19DD}.Debug|Any CPU.Build.0 = Debug|Any CPU
		{ED3280E9-7F3E-B677-2B09-BC1B8B4B19DD}.Release|Any CPU.ActiveCfg = Release|Any CPU
		{ED3280E9-7F3E-B677-2B09-BC1B8B4B19DD}.Release|Any CPU.Build.0 = Release|Any CPU
		{1F1478F0-6675-8356-05B8-ACE9DC431F4C}.Debug|Any CPU.ActiveCfg = Debug|Any CPU
		{1F1478F0-6675-8356-05B8-ACE9DC431F4C}.Debug|Any CPU.Build.0 = Debug|Any CPU
		{1F1478F0-6675-8356-05B8-ACE9DC431F4C}.Release|Any CPU.ActiveCfg = Release|Any CPU
		{1F1478F0-6675-8356-05B8-ACE9DC431F4C}.Release|Any CPU.Build.0 = Release|Any CPU
	EndGlobalSection
	GlobalSection(SolutionProperties) = preSolution
		HideSolutionNode = FALSE
	EndGlobalSection
EndGlobal
